
Microsoft Visual Studio Solution File, Format Version 12.00
# Visual Studio Version 17
VisualStudioVersion = 17.6.33723.286
MinimumVisualStudioVersion = 10.0.40219.1
Project("{FAE04EC0-301F-11D3-BF4B-00C04F79EFBC}") = "matchloveeeeee", "matchloveeeeee\matchloveeeeee.csproj", "{DDF703AE-14D0-48B4-920A-2E2F1B2E6385}"
EndProject
Global
	GlobalSection(SolutionConfigurationPlatforms) = preSolution
		Debug|Any CPU = Debug|Any CPU
		Release|Any CPU = Release|Any CPU
	EndGlobalSection
	GlobalSection(ProjectConfigurationPlatforms) = postSolution
		{DDF703AE-14D0-48B4-920A-2E2F1B2E6385}.Debug|Any CPU.ActiveCfg = Debug|Any CPU
		{DDF703AE-14D0-48B4-920A-2E2F1B2E6385}.Debug|Any CPU.Build.0 = Debug|Any CPU
		{DDF703AE-14D0-48B4-920A-2E2F1B2E6385}.Release|Any CPU.ActiveCfg = Release|Any CPU
		{DDF703AE-14D0-48B4-920A-2E2F1B2E6385}.Release|Any CPU.Build.0 = Release|Any CPU
	EndGlobalSection
	GlobalSection(SolutionProperties) = preSolution
		HideSolutionNode = FALSE
	EndGlobalSection
	GlobalSection(ExtensibilityGlobals) = postSolution
		SolutionGuid = {8AA86EB1-B4CC-4E37-91DC-2046A57544AF}
	EndGlobalSection
EndGlobal
